
Microsoft Visual Studio Solution File, Format Version 12.00
# Visual Studio 2012
Project("{FAE04EC0-301F-11D3-BF4B-00C04F79EFBC}") = "WebApiHockey", "WebApiHockey\WebApiHockey.csproj", "{4D5ED73F-67B2-4AE5-A8C3-B74C82E88F92}"
EndProject
Project("{FAE04EC0-301F-11D3-BF4B-00C04F79EFBC}") = "Model", "Model\Model.csproj", "{B086587B-9F2F-43CF-B294-A0AA45522D57}"
EndProject
Project("{FAE04EC0-301F-11D3-BF4B-00C04F79EFBC}") = "DataLayer", "DataLayer\DataLayer.csproj", "{CAC8C3FC-92FD-41F2-B0BC-13951B5B9AFF}"
EndProject
Project("{2150E333-8FDC-42A3-9474-1A3956D46DE8}") = ".nuget", ".nuget", "{DE77A558-E3DD-431F-AC6E-EBA81851F527}"
	ProjectSection(SolutionItems) = preProject
		.nuget\NuGet.Config = .nuget\NuGet.Config
		.nuget\NuGet.exe = .nuget\NuGet.exe
		.nuget\NuGet.targets = .nuget\NuGet.targets
	EndProjectSection
EndProject
Project("{FAE04EC0-301F-11D3-BF4B-00C04F79EFBC}") = "DTO", "DTO\DTO.csproj", "{DBB1EA85-ED1C-4C27-94D0-748E55FEDCED}"
EndProject
Project("{FAE04EC0-301F-11D3-BF4B-00C04F79EFBC}") = "WebService", "WebService\WebService.csproj", "{77C25F28-DC9B-434B-92EA-A94D52279935}"
EndProject
Project("{FAE04EC0-301F-11D3-BF4B-00C04F79EFBC}") = "Updater", "Updater\Updater.csproj", "{E4C035D8-0688-49E5-BE71-FFCF8DE8E923}"
EndProject
Global
	GlobalSection(SolutionConfigurationPlatforms) = preSolution
		Debug|Any CPU = Debug|Any CPU
		Release|Any CPU = Release|Any CPU
	EndGlobalSection
	GlobalSection(ProjectConfigurationPlatforms) = postSolution
		{4D5ED73F-67B2-4AE5-A8C3-B74C82E88F92}.Debug|Any CPU.ActiveCfg = Debug|Any CPU
		{4D5ED73F-67B2-4AE5-A8C3-B74C82E88F92}.Debug|Any CPU.Build.0 = Debug|Any CPU
		{4D5ED73F-67B2-4AE5-A8C3-B74C82E88F92}.Release|Any CPU.ActiveCfg = Release|Any CPU
		{4D5ED73F-67B2-4AE5-A8C3-B74C82E88F92}.Release|Any CPU.Build.0 = Release|Any CPU
		{B086587B-9F2F-43CF-B294-A0AA45522D57}.Debug|Any CPU.ActiveCfg = Debug|Any CPU
		{B086587B-9F2F-43CF-B294-A0AA45522D57}.Debug|Any CPU.Build.0 = Debug|Any CPU
		{B086587B-9F2F-43CF-B294-A0AA45522D57}.Release|Any CPU.ActiveCfg = Release|Any CPU
		{B086587B-9F2F-43CF-B294-A0AA45522D57}.Release|Any CPU.Build.0 = Release|Any CPU
		{CAC8C3FC-92FD-41F2-B0BC-13951B5B9AFF}.Debug|Any CPU.ActiveCfg = Debug|Any CPU
		{CAC8C3FC-92FD-41F2-B0BC-13951B5B9AFF}.Debug|Any CPU.Build.0 = Debug|Any CPU
		{CAC8C3FC-92FD-41F2-B0BC-13951B5B9AFF}.Release|Any CPU.ActiveCfg = Release|Any CPU
		{CAC8C3FC-92FD-41F2-B0BC-13951B5B9AFF}.Release|Any CPU.Build.0 = Release|Any CPU
		{DBB1EA85-ED1C-4C27-94D0-748E55FEDCED}.Debug|Any CPU.ActiveCfg = Debug|Any CPU
		{DBB1EA85-ED1C-4C27-94D0-748E55FEDCED}.Debug|Any CPU.Build.0 = Debug|Any CPU
		{DBB1EA85-ED1C-4C27-94D0-748E55FEDCED}.Release|Any CPU.ActiveCfg = Release|Any CPU
		{DBB1EA85-ED1C-4C27-94D0-748E55FEDCED}.Release|Any CPU.Build.0 = Release|Any CPU
		{77C25F28-DC9B-434B-92EA-A94D52279935}.Debug|Any CPU.ActiveCfg = Debug|Any CPU
		{77C25F28-DC9B-434B-92EA-A94D52279935}.Debug|Any CPU.Build.0 = Debug|Any CPU
		{77C25F28-DC9B-434B-92EA-A94D52279935}.Release|Any CPU.ActiveCfg = Release|Any CPU
		{77C25F28-DC9B-434B-92EA-A94D52279935}.Release|Any CPU.Build.0 = Release|Any CPU
		{E4C035D8-0688-49E5-BE71-FFCF8DE8E923}.Debug|Any CPU.ActiveCfg = Debug|Any CPU
		{E4C035D8-0688-49E5-BE71-FFCF8DE8E923}.Debug|Any CPU.Build.0 = Debug|Any CPU
		{E4C035D8-0688-49E5-BE71-FFCF8DE8E923}.Release|Any CPU.ActiveCfg = Release|Any CPU
		{E4C035D8-0688-49E5-BE71-FFCF8DE8E923}.Release|Any CPU.Build.0 = Release|Any CPU
	EndGlobalSection
	GlobalSection(SolutionProperties) = preSolution
		HideSolutionNode = FALSE
	EndGlobalSection
EndGlobal
